// !$*UTF8*$!
{
	archiveVersion = 1;
	classes = {
	};
	objectVersion = 50;
	objects = {

/* Begin PBXBuildFile section */
		6F280CD124C165D7008032EF /* AppDelegate.swift in Sources */ = {isa = PBXBuildFile; fileRef = 6F280CD024C165D7008032EF /* AppDelegate.swift */; };
		6F280CD324C165D7008032EF /* SceneDelegate.swift in Sources */ = {isa = PBXBuildFile; fileRef = 6F280CD224C165D7008032EF /* SceneDelegate.swift */; };
		6F280CD524C165D7008032EF /* ViewController.swift in Sources */ = {isa = PBXBuildFile; fileRef = 6F280CD424C165D7008032EF /* ViewController.swift */; };
		6F280CD824C165D7008032EF /* Main.storyboard in Resources */ = {isa = PBXBuildFile; fileRef = 6F280CD624C165D7008032EF /* Main.storyboard */; };
		6F280CDA24C165DA008032EF /* Assets.xcassets in Resources */ = {isa = PBXBuildFile; fileRef = 6F280CD924C165DA008032EF /* Assets.xcassets */; };
		6F280CDD24C165DA008032EF /* LaunchScreen.storyboard in Resources */ = {isa = PBXBuildFile; fileRef = 6F280CDB24C165DA008032EF /* LaunchScreen.storyboard */; };
		6F73028824C3CC9C006EE14A /* StringHelpers.swift in Sources */ = {isa = PBXBuildFile; fileRef = 6F73028724C3CC9C006EE14A /* StringHelpers.swift */; };
		6FD334FE24C213AA00BCD55A /* CustomTableViewCell.swift in Sources */ = {isa = PBXBuildFile; fileRef = 6FD334FC24C213AA00BCD55A /* CustomTableViewCell.swift */; };
		6FD334FF24C213AA00BCD55A /* CustomTableViewCell.xib in Resources */ = {isa = PBXBuildFile; fileRef = 6FD334FD24C213AA00BCD55A /* CustomTableViewCell.xib */; };
		6FD3350124C21F0600BCD55A /* Data.swift in Sources */ = {isa = PBXBuildFile; fileRef = 6FD3350024C21F0600BCD55A /* Data.swift */; };
		6FD3350324C221CD00BCD55A /* DataRequest.swift in Sources */ = {isa = PBXBuildFile; fileRef = 6FD3350224C221CD00BCD55A /* DataRequest.swift */; };
		6FD3351124C272CB00BCD55A /* DetailViewController.swift in Sources */ = {isa = PBXBuildFile; fileRef = 6FD3351024C272CB00BCD55A /* DetailViewController.swift */; };
/* End PBXBuildFile section */

/* Begin PBXFileReference section */
		6F280CCD24C165D7008032EF /* aggiefeed.app */ = {isa = PBXFileReference; explicitFileType = wrapper.application; includeInIndex = 0; path = aggiefeed.app; sourceTree = BUILT_PRODUCTS_DIR; };
		6F280CD024C165D7008032EF /* AppDelegate.swift */ = {isa = PBXFileReference; lastKnownFileType = sourcecode.swift; path = AppDelegate.swift; sourceTree = "<group>"; };
		6F280CD224C165D7008032EF /* SceneDelegate.swift */ = {isa = PBXFileReference; lastKnownFileType = sourcecode.swift; path = SceneDelegate.swift; sourceTree = "<group>"; };
		6F280CD424C165D7008032EF /* ViewController.swift */ = {isa = PBXFileReference; lastKnownFileType = sourcecode.swift; path = ViewController.swift; sourceTree = "<group>"; };
		6F280CD724C165D7008032EF /* Base */ = {isa = PBXFileReference; lastKnownFileType = file.storyboard; name = Base; path = Base.lproj/Main.storyboard; sourceTree = "<group>"; };
		6F280CD924C165DA008032EF /* Assets.xcassets */ = {isa = PBXFileReference; lastKnownFileType = folder.assetcatalog; path = Assets.xcassets; sourceTree = "<group>"; };
		6F280CDC24C165DA008032EF /* Base */ = {isa = PBXFileReference; lastKnownFileType = file.storyboard; name = Base; path = Base.lproj/LaunchScreen.storyboard; sourceTree = "<group>"; };
		6F280CDE24C165DA008032EF /* Info.plist */ = {isa = PBXFileReference; lastKnownFileType = text.plist.xml; path = Info.plist; sourceTree = "<group>"; };
		6F73028724C3CC9C006EE14A /* StringHelpers.swift */ = {isa = PBXFileReference; lastKnownFileType = sourcecode.swift; path = StringHelpers.swift; sourceTree = "<group>"; };
		6FD334FC24C213AA00BCD55A /* CustomTableViewCell.swift */ = {isa = PBXFileReference; lastKnownFileType = sourcecode.swift; path = CustomTableViewCell.swift; sourceTree = "<group>"; };
		6FD334FD24C213AA00BCD55A /* CustomTableViewCell.xib */ = {isa = PBXFileReference; lastKnownFileType = file.xib; path = CustomTableViewCell.xib; sourceTree = "<group>"; };
		6FD3350024C21F0600BCD55A /* Data.swift */ = {isa = PBXFileReference; lastKnownFileType = sourcecode.swift; path = Data.swift; sourceTree = "<group>"; };
		6FD3350224C221CD00BCD55A /* DataRequest.swift */ = {isa = PBXFileReference; lastKnownFileType = sourcecode.swift; path = DataRequest.swift; sourceTree = "<group>"; };
		6FD3351024C272CB00BCD55A /* DetailViewController.swift */ = {isa = PBXFileReference; lastKnownFileType = sourcecode.swift; path = DetailViewController.swift; sourceTree = "<group>"; };
/* End PBXFileReference section */

/* Begin PBXFrameworksBuildPhase section */
		6F280CCA24C165D7008032EF /* Frameworks */ = {
			isa = PBXFrameworksBuildPhase;
			buildActionMask = 2147483647;
			files = (
			);
			runOnlyForDeploymentPostprocessing = 0;
		};
/* End PBXFrameworksBuildPhase section */

/* Begin PBXGroup section */
		6F280CC424C165D7008032EF = {
			isa = PBXGroup;
			children = (
				6F280CCF24C165D7008032EF /* aggiefeed */,
				6F280CCE24C165D7008032EF /* Products */,
			);
			sourceTree = "<group>";
		};
		6F280CCE24C165D7008032EF /* Products */ = {
			isa = PBXGroup;
			children = (
				6F280CCD24C165D7008032EF /* aggiefeed.app */,
			);
			name = Products;
			sourceTree = "<group>";
		};
		6F280CCF24C165D7008032EF /* aggiefeed */ = {
			isa = PBXGroup;
			children = (
				6F280CD024C165D7008032EF /* AppDelegate.swift */,
				6F280CD224C165D7008032EF /* SceneDelegate.swift */,
				6F280CD424C165D7008032EF /* ViewController.swift */,
				6F73028724C3CC9C006EE14A /* StringHelpers.swift */,
				6FD3350024C21F0600BCD55A /* Data.swift */,
				6FD3350224C221CD00BCD55A /* DataRequest.swift */,
				6FD3351024C272CB00BCD55A /* DetailViewController.swift */,
				6F280CD624C165D7008032EF /* Main.storyboard */,
				6F280CD924C165DA008032EF /* Assets.xcassets */,
				6F280CDB24C165DA008032EF /* LaunchScreen.storyboard */,
				6F280CDE24C165DA008032EF /* Info.plist */,
				6FD334FC24C213AA00BCD55A /* CustomTableViewCell.swift */,
				6FD334FD24C213AA00BCD55A /* CustomTableViewCell.xib */,
			);
			path = aggiefeed;
			sourceTree = "<group>";
		};
/* End PBXGroup section */

/* Begin PBXNativeTarget section */
		6F280CCC24C165D7008032EF /* aggiefeed */ = {
			isa = PBXNativeTarget;
			buildConfigurationList = 6F280CE124C165DA008032EF /* Build configuration list for PBXNativeTarget "aggiefeed" */;
			buildPhases = (
				6F280CC924C165D7008032EF /* Sources */,
				6F280CCA24C165D7008032EF /* Frameworks */,
				6F280CCB24C165D7008032EF /* Resources */,
			);
			buildRules = (
			);
			dependencies = (
			);
			name = aggiefeed;
			productName = aggiefeed;
			productReference = 6F280CCD24C165D7008032EF /* aggiefeed.app */;
			productType = "com.apple.product-type.application";
		};
/* End PBXNativeTarget section */

/* Begin PBXProject section */
		6F280CC524C165D7008032EF /* Project object */ = {
			isa = PBXProject;
			attributes = {
				LastSwiftUpdateCheck = 1160;
				LastUpgradeCheck = 1160;
				ORGANIZATIONNAME = "Tyler Jachetta";
				TargetAttributes = {
					6F280CCC24C165D7008032EF = {
						CreatedOnToolsVersion = 11.6;
					};
				};
			};
			buildConfigurationList = 6F280CC824C165D7008032EF /* Build configuration list for PBXProject "aggiefeed" */;
			compatibilityVersion = "Xcode 9.3";
			developmentRegion = en;
			hasScannedForEncodings = 0;
			knownRegions = (
				en,
				Base,
			);
			mainGroup = 6F280CC424C165D7008032EF;
			productRefGroup = 6F280CCE24C165D7008032EF /* Products */;
			projectDirPath = "";
			projectRoot = "";
			targets = (
				6F280CCC24C165D7008032EF /* aggiefeed */,
			);
		};
/* End PBXProject section */

/* Begin PBXResourcesBuildPhase section */
		6F280CCB24C165D7008032EF /* Resources */ = {
			isa = PBXResourcesBuildPhase;
			buildActionMask = 2147483647;
			files = (
				6F280CDD24C165DA008032EF /* LaunchScreen.storyboard in Resources */,
				6F280CDA24C165DA008032EF /* Assets.xcassets in Resources */,
				6FD334FF24C213AA00BCD55A /* CustomTableViewCell.xib in Resources */,
				6F280CD824C165D7008032EF /* Main.storyboard in Resources */,
			);
			runOnlyForDeploymentPostprocessing = 0;
		};
/* End PBXResourcesBuildPhase section */

/* Begin PBXSourcesBuildPhase section */
		6F280CC924C165D7008032EF /* Sources */ = {
			isa = PBXSourcesBuildPhase;
			buildActionMask = 2147483647;
			files = (
				6F280CD524C165D7008032EF /* ViewController.swift in Sources */,
				6F280CD124C165D7008032EF /* AppDelegate.swift in Sources */,
				6FD334FE24C213AA00BCD55A /* CustomTableViewCell.swift in Sources */,
				6F73028824C3CC9C006EE14A /* StringHelpers.swift in Sources */,
				6FD3350324C221CD00BCD55A /* DataRequest.swift in Sources */,
				6FD3350124C21F0600BCD55A /* Data.swift in Sources */,
				6F280CD324C165D7008032EF /* SceneDelegate.swift in Sources */,
				6FD3351124C272CB00BCD55A /* DetailViewController.swift in Sources */,
			);
			runOnlyForDeploymentPostprocessing = 0;
		};
/* End PBXSourcesBuildPhase section */

/* Begin PBXVariantGroup section */
		6F280CD624C165D7008032EF /* Main.storyboard */ = {
			isa = PBXVariantGroup;
			children = (
				6F280CD724C165D7008032EF /* Base */,
			);
			name = Main.storyboard;
			sourceTree = "<group>";
		};
		6F280CDB24C165DA008032EF /* LaunchScreen.storyboard */ = {
			isa = PBXVariantGroup;
			children = (
				6F280CDC24C165DA008032EF /* Base */,
			);
			name = LaunchScreen.storyboard;
			sourceTree = "<group>";
		};
/* End PBXVariantGroup section */

/* Begin XCBuildConfiguration section */
		6F280CDF24C165DA008032EF /* Debug */ = {
			isa = XCBuildConfiguration;
			buildSettings = {
				ALWAYS_SEARCH_USER_PATHS = NO;
				CLANG_ANALYZER_NONNULL = YES;
				CLANG_ANALYZER_NUMBER_OBJECT_CONVERSION = YES_AGGRESSIVE;
				CLANG_CXX_LANGUAGE_STANDARD = "gnu++14";
				CLANG_CXX_LIBRARY = "libc++";
				CLANG_ENABLE_MODULES = YES;
				CLANG_ENABLE_OBJC_ARC = YES;
				CLANG_ENABLE_OBJC_WEAK = YES;
				CLANG_WARN_BLOCK_CAPTURE_AUTORELEASING = YES;
				CLANG_WARN_BOOL_CONVERSION = YES;
				CLANG_WARN_COMMA = YES;
				CLANG_WARN_CONSTANT_CONVERSION = YES;
				CLANG_WARN_DEPRECATED_OBJC_IMPLEMENTATIONS = YES;
				CLANG_WARN_DIRECT_OBJC_ISA_USAGE = YES_ERROR;
				CLANG_WARN_DOCUMENTATION_COMMENTS = YES;
				CLANG_WARN_EMPTY_BODY = YES;
				CLANG_WARN_ENUM_CONVERSION = YES;
				CLANG_WARN_INFINITE_RECURSION = YES;
				CLANG_WARN_INT_CONVERSION = YES;
				CLANG_WARN_NON_LITERAL_NULL_CONVERSION = YES;
				CLANG_WARN_OBJC_IMPLICIT_RETAIN_SELF = YES;
				CLANG_WARN_OBJC_LITERAL_CONVERSION = YES;
				CLANG_WARN_OBJC_ROOT_CLASS = YES_ERROR;
				CLANG_WARN_RANGE_LOOP_ANALYSIS = YES;
				CLANG_WARN_STRICT_PROTOTYPES = YES;
				CLANG_WARN_SUSPICIOUS_MOVE = YES;
				CLANG_WARN_UNGUARDED_AVAILABILITY = YES_AGGRESSIVE;
				CLANG_WARN_UNREACHABLE_CODE = YES;
				CLANG_WARN__DUPLICATE_METHOD_MATCH = YES;
				COPY_PHASE_STRIP = NO;
				DEBUG_INFORMATION_FORMAT = dwarf;
				ENABLE_STRICT_OBJC_MSGSEND = YES;
				ENABLE_TESTABILITY = YES;
				GCC_C_LANGUAGE_STANDARD = gnu11;
				GCC_DYNAMIC_NO_PIC = NO;
				GCC_NO_COMMON_BLOCKS = YES;
				GCC_OPTIMIZATION_LEVEL = 0;
				GCC_PREPROCESSOR_DEFINITIONS = (
					"DEBUG=1",
					"$(inherited)",
				);
				GCC_WARN_64_TO_32_BIT_CONVERSION = YES;
				GCC_WARN_ABOUT_RETURN_TYPE = YES_ERROR;
				GCC_WARN_UNDECLARED_SELECTOR = YES;
				GCC_WARN_UNINITIALIZED_AUTOS = YES_AGGRESSIVE;
				GCC_WARN_UNUSED_FUNCTION = YES;
				GCC_WARN_UNUSED_VARIABLE = YES;
				IPHONEOS_DEPLOYMENT_TARGET = 13.6;
				MTL_ENABLE_DEBUG_INFO = INCLUDE_SOURCE;
				MTL_FAST_MATH = YES;
				ONLY_ACTIVE_ARCH = YES;
				SDKROOT = iphoneos;
				SWIFT_ACTIVE_COMPILATION_CONDITIONS = DEBUG;
				SWIFT_OPTIMIZATION_LEVEL = "-Onone";
			};
			name = Debug;
		};
		6F280CE024C165DA008032EF /* Release */ = {
			isa = XCBuildConfiguration;
			buildSettings = {
				ALWAYS_SEARCH_USER_PATHS = NO;
				CLANG_ANALYZER_NONNULL = YES;
				CLANG_ANALYZER_NUMBER_OBJECT_CONVERSION = YES_AGGRESSIVE;
				CLANG_CXX_LANGUAGE_STANDARD = "gnu++14";
				CLANG_CXX_LIBRARY = "libc++";
				CLANG_ENABLE_MODULES = YES;
				CLANG_ENABLE_OBJC_ARC = YES;
				CLANG_ENABLE_OBJC_WEAK = YES;
				CLANG_WARN_BLOCK_CAPTURE_AUTORELEASING = YES;
				CLANG_WARN_BOOL_CONVERSION = YES;
				CLANG_WARN_COMMA = YES;
				CLANG_WARN_CONSTANT_CONVERSION = YES;
				CLANG_WARN_DEPRECATED_OBJC_IMPLEMENTATIONS = YES;
				CLANG_WARN_DIRECT_OBJC_ISA_USAGE = YES_ERROR;
				CLANG_WARN_DOCUMENTATION_COMMENTS = YES;
				CLANG_WARN_EMPTY_BODY = YES;
				CLANG_WARN_ENUM_CONVERSION = YES;
				CLANG_WARN_INFINITE_RECURSION = YES;
				CLANG_WARN_INT_CONVERSION = YES;
				CLANG_WARN_NON_LITERAL_NULL_CONVERSION = YES;
				CLANG_WARN_OBJC_IMPLICIT_RETAIN_SELF = YES;
				CLANG_WARN_OBJC_LITERAL_CONVERSION = YES;
				CLANG_WARN_OBJC_ROOT_CLASS = YES_ERROR;
				CLANG_WARN_RANGE_LOOP_ANALYSIS = YES;
				CLANG_WARN_STRICT_PROTOTYPES = YES;
				CLANG_WARN_SUSPICIOUS_MOVE = YES;
				CLANG_WARN_UNGUARDED_AVAILABILITY = YES_AGGRESSIVE;
				CLANG_WARN_UNREACHABLE_CODE = YES;
				CLANG_WARN__DUPLICATE_METHOD_MATCH = YES;
				COPY_PHASE_STRIP = NO;
				DEBUG_INFORMATION_FORMAT = "dwarf-with-dsym";
				ENABLE_NS_ASSERTIONS = NO;
				ENABLE_STRICT_OBJC_MSGSEND = YES;
				GCC_C_LANGUAGE_STANDARD = gnu11;
				GCC_NO_COMMON_BLOCKS = YES;
				GCC_WARN_64_TO_32_BIT_CONVERSION = YES;
				GCC_WARN_ABOUT_RETURN_TYPE = YES_ERROR;
				GCC_WARN_UNDECLARED_SELECTOR = YES;
				GCC_WARN_UNINITIALIZED_AUTOS = YES_AGGRESSIVE;
				GCC_WARN_UNUSED_FUNCTION = YES;
				GCC_WARN_UNUSED_VARIABLE = YES;
				IPHONEOS_DEPLOYMENT_TARGET = 13.6;
				MTL_ENABLE_DEBUG_INFO = NO;
				MTL_FAST_MATH = YES;
				SDKROOT = iphoneos;
				SWIFT_COMPILATION_MODE = wholemodule;
				SWIFT_OPTIMIZATION_LEVEL = "-O";
				VALIDATE_PRODUCT = YES;
			};
			name = Release;
		};
		6F280CE224C165DA008032EF /* Debug */ = {
			isa = XCBuildConfiguration;
			buildSettings = {
				ASSETCATALOG_COMPILER_APPICON_NAME = AppIcon;
				CODE_SIGN_STYLE = Automatic;
				DEVELOPMENT_TEAM = 4AKG8JAF75;
				INFOPLIST_FILE = aggiefeed/Info.plist;
				LD_RUNPATH_SEARCH_PATHS = (
					"$(inherited)",
					"@executable_path/Frameworks",
				);
				PRODUCT_BUNDLE_IDENTIFIER = TylerJachetta.aggiefeed;
				PRODUCT_NAME = "$(TARGET_NAME)";
				SWIFT_VERSION = 5.0;
				TARGETED_DEVICE_FAMILY = "1,2";
			};
			name = Debug;
		};
		6F280CE324C165DA008032EF /* Release */ = {
			isa = XCBuildConfiguration;
			buildSettings = {
				ASSETCATALOG_COMPILER_APPICON_NAME = AppIcon;
				CODE_SIGN_STYLE = Automatic;
				DEVELOPMENT_TEAM = 4AKG8JAF75;
				INFOPLIST_FILE = aggiefeed/Info.plist;
				LD_RUNPATH_SEARCH_PATHS = (
					"$(inherited)",
					"@executable_path/Frameworks",
				);
				PRODUCT_BUNDLE_IDENTIFIER = TylerJachetta.aggiefeed;
				PRODUCT_NAME = "$(TARGET_NAME)";
				SWIFT_VERSION = 5.0;
				TARGETED_DEVICE_FAMILY = "1,2";
			};
			name = Release;
		};
/* End XCBuildConfiguration section */

/* Begin XCConfigurationList section */
		6F280CC824C165D7008032EF /* Build configuration list for PBXProject "aggiefeed" */ = {
			isa = XCConfigurationList;
			buildConfigurations = (
				6F280CDF24C165DA008032EF /* Debug */,
				6F280CE024C165DA008032EF /* Release */,
			);
			defaultConfigurationIsVisible = 0;
			defaultConfigurationName = Release;
		};
		6F280CE124C165DA008032EF /* Build configuration list for PBXNativeTarget "aggiefeed" */ = {
			isa = XCConfigurationList;
			buildConfigurations = (
				6F280CE224C165DA008032EF /* Debug */,
				6F280CE324C165DA008032EF /* Release */,
			);
			defaultConfigurationIsVisible = 0;
			defaultConfigurationName = Release;
		};
/* End XCConfigurationList section */
	};
	rootObject = 6F280CC524C165D7008032EF /* Project object */;
}
